
Microsoft Visual Studio Solution File, Format Version 12.00
# Visual Studio Version 16
VisualStudioVersion = 16.0.30011.22
MinimumVisualStudioVersion = 10.0.40219.1
Project("{FAE04EC0-301F-11D3-BF4B-00C04F79EFBC}") = "CarroCliente", "CarroCliente\CarroCliente.csproj", "{ADA6720E-6A55-4F3B-BF0A-6AA593027755}"
EndProject
Global
	GlobalSection(SolutionConfigurationPlatforms) = preSolution
		Debug|Any CPU = Debug|Any CPU
		Release|Any CPU = Release|Any CPU
	EndGlobalSection
	GlobalSection(ProjectConfigurationPlatforms) = postSolution
		{ADA6720E-6A55-4F3B-BF0A-6AA593027755}.Debug|Any CPU.ActiveCfg = Debug|Any CPU
		{ADA6720E-6A55-4F3B-BF0A-6AA593027755}.Debug|Any CPU.Build.0 = Debug|Any CPU
		{ADA6720E-6A55-4F3B-BF0A-6AA593027755}.Release|Any CPU.ActiveCfg = Release|Any CPU
		{ADA6720E-6A55-4F3B-BF0A-6AA593027755}.Release|Any CPU.Build.0 = Release|Any CPU
	EndGlobalSection
	GlobalSection(SolutionProperties) = preSolution
		HideSolutionNode = FALSE
	EndGlobalSection
	GlobalSection(ExtensibilityGlobals) = postSolution
		SolutionGuid = {F806AD0E-7691-4102-938B-C2B14D7315E1}
	EndGlobalSection
EndGlobal
