
Microsoft Visual Studio Solution File, Format Version 12.00
# Visual Studio Version 16
VisualStudioVersion = 16.0.30011.22
MinimumVisualStudioVersion = 10.0.40219.1
Project("{FAE04EC0-301F-11D3-BF4B-00C04F79EFBC}") = "Cliente", "Cliente\Cliente.csproj", "{0E29DEF9-53A3-4F77-B546-5A48115B707A}"
EndProject
Global
	GlobalSection(SolutionConfigurationPlatforms) = preSolution
		Debug|Any CPU = Debug|Any CPU
		Release|Any CPU = Release|Any CPU
	EndGlobalSection
	GlobalSection(ProjectConfigurationPlatforms) = postSolution
		{0E29DEF9-53A3-4F77-B546-5A48115B707A}.Debug|Any CPU.ActiveCfg = Debug|Any CPU
		{0E29DEF9-53A3-4F77-B546-5A48115B707A}.Debug|Any CPU.Build.0 = Debug|Any CPU
		{0E29DEF9-53A3-4F77-B546-5A48115B707A}.Release|Any CPU.ActiveCfg = Release|Any CPU
		{0E29DEF9-53A3-4F77-B546-5A48115B707A}.Release|Any CPU.Build.0 = Release|Any CPU
	EndGlobalSection
	GlobalSection(SolutionProperties) = preSolution
		HideSolutionNode = FALSE
	EndGlobalSection
	GlobalSection(ExtensibilityGlobals) = postSolution
		SolutionGuid = {5B8EFB2E-C958-4503-9744-03E6BBE3585C}
	EndGlobalSection
EndGlobal
