
Microsoft Visual Studio Solution File, Format Version 12.00
# Visual Studio Version 16
VisualStudioVersion = 16.0.30011.22
MinimumVisualStudioVersion = 10.0.40219.1
Project("{FAE04EC0-301F-11D3-BF4B-00C04F79EFBC}") = "Reparacao", "Reparacao\Reparacao.csproj", "{A3BCD867-E56A-4BDE-B090-04D764C8C062}"
EndProject
Global
	GlobalSection(SolutionConfigurationPlatforms) = preSolution
		Debug|Any CPU = Debug|Any CPU
		Release|Any CPU = Release|Any CPU
	EndGlobalSection
	GlobalSection(ProjectConfigurationPlatforms) = postSolution
		{A3BCD867-E56A-4BDE-B090-04D764C8C062}.Debug|Any CPU.ActiveCfg = Debug|Any CPU
		{A3BCD867-E56A-4BDE-B090-04D764C8C062}.Debug|Any CPU.Build.0 = Debug|Any CPU
		{A3BCD867-E56A-4BDE-B090-04D764C8C062}.Release|Any CPU.ActiveCfg = Release|Any CPU
		{A3BCD867-E56A-4BDE-B090-04D764C8C062}.Release|Any CPU.Build.0 = Release|Any CPU
	EndGlobalSection
	GlobalSection(SolutionProperties) = preSolution
		HideSolutionNode = FALSE
	EndGlobalSection
	GlobalSection(ExtensibilityGlobals) = postSolution
		SolutionGuid = {55890C20-0CFF-4904-902E-6E13910EEE6B}
	EndGlobalSection
EndGlobal
